
Microsoft Visual Studio Solution File, Format Version 12.00
# Visual Studio 15
VisualStudioVersion = 15.0.27130.2027
MinimumVisualStudioVersion = 10.0.40219.1
Project("{2150E333-8FDC-42A3-9474-1A3956D46DE8}") = "Solution Items", "Solution Items", "{DB190BAD-D538-4458-B058-75323323C4E1}"
EndProject
Project("{2150E333-8FDC-42A3-9474-1A3956D46DE8}") = "Misc", "Misc", "{ABA216E8-98FC-44B2-AAE7-C50A4093C51B}"
	ProjectSection(SolutionItems) = preProject
		..\Solution Items\Misc\Notes.txt = ..\Solution Items\Misc\Notes.txt
	EndProjectSection
EndProject
Project("{9A19103F-16F7-4668-BE54-9A1E7A4F7556}") = "BookTracker.Web", "BookTracker.Web\BookTracker.Web.csproj", "{9694D04B-59B0-4A8C-946D-9323A3900A4C}"
EndProject
Project("{9A19103F-16F7-4668-BE54-9A1E7A4F7556}") = "BookTracker.Web.Test", "BookTracker.Web.Test\BookTracker.Web.Test.csproj", "{A5AA6EEF-AD87-40DF-A639-1A2BC331FAB3}"
EndProject
Project("{9A19103F-16F7-4668-BE54-9A1E7A4F7556}") = "BookTracker.Services", "BookTracker.Services\BookTracker.Services.csproj", "{E6569A91-DE22-4DF2-84F1-97F52E86AAE9}"
EndProject
Project("{9A19103F-16F7-4668-BE54-9A1E7A4F7556}") = "BookTracker.Models", "BookTracker.Models\BookTracker.Models.csproj", "{B7289B7E-CE33-4AB0-8D20-A5E849E62AE2}"
EndProject
Project("{9A19103F-16F7-4668-BE54-9A1E7A4F7556}") = "BookTracker.Services.Http", "BookTracker.Services.Http\BookTracker.Services.Http.csproj", "{6AE61BD1-1EA0-4D32-8C32-8EDC7728F3B0}"
EndProject
Project("{9A19103F-16F7-4668-BE54-9A1E7A4F7556}") = "BookTracker.Repository", "BookTracker.Repository\BookTracker.Repository.csproj", "{B2532482-6D15-4FB4-81EA-6F4007AAB779}"
EndProject
Project("{2150E333-8FDC-42A3-9474-1A3956D46DE8}") = "Docker", "Docker", "{85A331B4-0466-4534-925E-3E916F958140}"
	ProjectSection(SolutionItems) = preProject
		Dockerfile = Dockerfile
	EndProjectSection
EndProject
Global
	GlobalSection(SolutionConfigurationPlatforms) = preSolution
		Debug|Any CPU = Debug|Any CPU
		Release|Any CPU = Release|Any CPU
	EndGlobalSection
	GlobalSection(ProjectConfigurationPlatforms) = postSolution
		{9694D04B-59B0-4A8C-946D-9323A3900A4C}.Debug|Any CPU.ActiveCfg = Debug|Any CPU
		{9694D04B-59B0-4A8C-946D-9323A3900A4C}.Debug|Any CPU.Build.0 = Debug|Any CPU
		{9694D04B-59B0-4A8C-946D-9323A3900A4C}.Release|Any CPU.ActiveCfg = Release|Any CPU
		{9694D04B-59B0-4A8C-946D-9323A3900A4C}.Release|Any CPU.Build.0 = Release|Any CPU
		{A5AA6EEF-AD87-40DF-A639-1A2BC331FAB3}.Debug|Any CPU.ActiveCfg = Debug|Any CPU
		{A5AA6EEF-AD87-40DF-A639-1A2BC331FAB3}.Debug|Any CPU.Build.0 = Debug|Any CPU
		{A5AA6EEF-AD87-40DF-A639-1A2BC331FAB3}.Release|Any CPU.ActiveCfg = Release|Any CPU
		{A5AA6EEF-AD87-40DF-A639-1A2BC331FAB3}.Release|Any CPU.Build.0 = Release|Any CPU
		{E6569A91-DE22-4DF2-84F1-97F52E86AAE9}.Debug|Any CPU.ActiveCfg = Debug|Any CPU
		{E6569A91-DE22-4DF2-84F1-97F52E86AAE9}.Debug|Any CPU.Build.0 = Debug|Any CPU
		{E6569A91-DE22-4DF2-84F1-97F52E86AAE9}.Release|Any CPU.ActiveCfg = Release|Any CPU
		{E6569A91-DE22-4DF2-84F1-97F52E86AAE9}.Release|Any CPU.Build.0 = Release|Any CPU
		{B7289B7E-CE33-4AB0-8D20-A5E849E62AE2}.Debug|Any CPU.ActiveCfg = Debug|Any CPU
		{B7289B7E-CE33-4AB0-8D20-A5E849E62AE2}.Debug|Any CPU.Build.0 = Debug|Any CPU
		{B7289B7E-CE33-4AB0-8D20-A5E849E62AE2}.Release|Any CPU.ActiveCfg = Release|Any CPU
		{B7289B7E-CE33-4AB0-8D20-A5E849E62AE2}.Release|Any CPU.Build.0 = Release|Any CPU
		{6AE61BD1-1EA0-4D32-8C32-8EDC7728F3B0}.Debug|Any CPU.ActiveCfg = Debug|Any CPU
		{6AE61BD1-1EA0-4D32-8C32-8EDC7728F3B0}.Debug|Any CPU.Build.0 = Debug|Any CPU
		{6AE61BD1-1EA0-4D32-8C32-8EDC7728F3B0}.Release|Any CPU.ActiveCfg = Release|Any CPU
		{6AE61BD1-1EA0-4D32-8C32-8EDC7728F3B0}.Release|Any CPU.Build.0 = Release|Any CPU
		{B2532482-6D15-4FB4-81EA-6F4007AAB779}.Debug|Any CPU.ActiveCfg = Debug|Any CPU
		{B2532482-6D15-4FB4-81EA-6F4007AAB779}.Debug|Any CPU.Build.0 = Debug|Any CPU
		{B2532482-6D15-4FB4-81EA-6F4007AAB779}.Release|Any CPU.ActiveCfg = Release|Any CPU
		{B2532482-6D15-4FB4-81EA-6F4007AAB779}.Release|Any CPU.Build.0 = Release|Any CPU
	EndGlobalSection
	GlobalSection(SolutionProperties) = preSolution
		HideSolutionNode = FALSE
	EndGlobalSection
	GlobalSection(NestedProjects) = preSolution
		{ABA216E8-98FC-44B2-AAE7-C50A4093C51B} = {DB190BAD-D538-4458-B058-75323323C4E1}
		{85A331B4-0466-4534-925E-3E916F958140} = {DB190BAD-D538-4458-B058-75323323C4E1}
	EndGlobalSection
	GlobalSection(ExtensibilityGlobals) = postSolution
		SolutionGuid = {2AA315E1-4D8E-4D8C-84D0-BF8473CC5C83}
	EndGlobalSection
EndGlobal
